
Microsoft Visual Studio Solution File, Format Version 12.00
# Visual Studio Version 16
VisualStudioVersion = 16.0.31702.278
MinimumVisualStudioVersion = 10.0.40219.1
Project("{FAE04EC0-301F-11D3-BF4B-00C04F79EFBC}") = "NebulaQuestion2", "NebulaQuestion2.csproj", "{19F486A3-25A7-46EC-B17F-16D144E80E9F}"
EndProject
Global
	GlobalSection(SolutionConfigurationPlatforms) = preSolution
		Debug|Any CPU = Debug|Any CPU
		Release|Any CPU = Release|Any CPU
	EndGlobalSection
	GlobalSection(ProjectConfigurationPlatforms) = postSolution
		{19F486A3-25A7-46EC-B17F-16D144E80E9F}.Debug|Any CPU.ActiveCfg = Debug|Any CPU
		{19F486A3-25A7-46EC-B17F-16D144E80E9F}.Debug|Any CPU.Build.0 = Debug|Any CPU
		{19F486A3-25A7-46EC-B17F-16D144E80E9F}.Release|Any CPU.ActiveCfg = Release|Any CPU
		{19F486A3-25A7-46EC-B17F-16D144E80E9F}.Release|Any CPU.Build.0 = Release|Any CPU
	EndGlobalSection
	GlobalSection(SolutionProperties) = preSolution
		HideSolutionNode = FALSE
	EndGlobalSection
	GlobalSection(ExtensibilityGlobals) = postSolution
		SolutionGuid = {9A26A22C-BDF8-4F74-BF64-375E6CB538B2}
	EndGlobalSection
EndGlobal
